
Microsoft Visual Studio Solution File, Format Version 12.00
# Visual Studio 15
VisualStudioVersion = 15.0.27703.2000
MinimumVisualStudioVersion = 10.0.40219.1
Project("{9A19103F-16F7-4668-BE54-9A1E7A4F7556}") = "NetCore.ExtensionPack.Core", "NetCore.ExtensionPack.Core\NetCore.ExtensionPack.Core.csproj", "{F802BA3F-E98E-4E4C-AEE6-0D6F99C77F67}"
EndProject
Global
	GlobalSection(SolutionConfigurationPlatforms) = preSolution
		Debug|Any CPU = Debug|Any CPU
		Release|Any CPU = Release|Any CPU
	EndGlobalSection
	GlobalSection(ProjectConfigurationPlatforms) = postSolution
		{F802BA3F-E98E-4E4C-AEE6-0D6F99C77F67}.Debug|Any CPU.ActiveCfg = Debug|Any CPU
		{F802BA3F-E98E-4E4C-AEE6-0D6F99C77F67}.Debug|Any CPU.Build.0 = Debug|Any CPU
		{F802BA3F-E98E-4E4C-AEE6-0D6F99C77F67}.Release|Any CPU.ActiveCfg = Release|Any CPU
		{F802BA3F-E98E-4E4C-AEE6-0D6F99C77F67}.Release|Any CPU.Build.0 = Release|Any CPU
	EndGlobalSection
	GlobalSection(SolutionProperties) = preSolution
		HideSolutionNode = FALSE
	EndGlobalSection
	GlobalSection(ExtensibilityGlobals) = postSolution
		SolutionGuid = {588E08E0-FA44-4CDA-BC94-2A9BD8451B88}
	EndGlobalSection
EndGlobal
